
Microsoft Visual Studio Solution File, Format Version 12.00
# Visual Studio Version 17
VisualStudioVersion = 17.10.34928.147
MinimumVisualStudioVersion = 10.0.40219.1
Project("{8BC9CEB8-8B4A-11D0-8D11-00A0C91BC942}") = "FinalExam", "FinalExam.vcxproj", "{92713973-CC17-47F5-8D4F-464ED33A7137}"
EndProject
Global
	GlobalSection(SolutionConfigurationPlatforms) = preSolution
		Debug|x64 = Debug|x64
		Release|x64 = Release|x64
	EndGlobalSection
	GlobalSection(ProjectConfigurationPlatforms) = postSolution
		{92713973-CC17-47F5-8D4F-464ED33A7137}.Debug|x64.ActiveCfg = Debug|x64
		{92713973-CC17-47F5-8D4F-464ED33A7137}.Debug|x64.Build.0 = Debug|x64
		{92713973-CC17-47F5-8D4F-464ED33A7137}.Release|x64.ActiveCfg = Release|x64
		{92713973-CC17-47F5-8D4F-464ED33A7137}.Release|x64.Build.0 = Release|x64
	EndGlobalSection
	GlobalSection(SolutionProperties) = preSolution
		HideSolutionNode = FALSE
	EndGlobalSection
	GlobalSection(ExtensibilityGlobals) = postSolution
		SolutionGuid = {732499D2-4490-43FD-82AE-635BF1CDE699}
	EndGlobalSection
EndGlobal
