<?xml version="1.0" encoding="utf-8"?>
<Project ToolsVersion="4.0" xmlns="http://schemas.microsoft.com/developer/msbuild/2003">
  <ItemGroup>
    <Filter Include="Source Files">
      <UniqueIdentifier>{4FC737F1-C7A5-4376-A066-2A32D752A2FF}</UniqueIdentifier>
      <Extensions>qml;cpp;c;cc;cxx;def;odl;idl;hpj;bat;asm;asmx</Extensions>
    </Filter>
    <Filter Include="Header Files">
      <UniqueIdentifier>{93995380-89BD-4b04-88EB-625FBE52EBFB}</UniqueIdentifier>
      <Extensions>h;hh;hpp;hxx;hm;inl;inc;xsd</Extensions>
    </Filter>
    <Filter Include="Resource Files">
      <UniqueIdentifier>{67DA6AB6-F800-4c08-8B7A-83BB121AAD01}</UniqueIdentifier>
      <Extensions>qrc;rc;ico;cur;bmp;dlg;rc2;rct;bin;rgs;gif;jpg;jpeg;jpe;resx;tiff;tif;png;wav;mfcribbon-ms</Extensions>
    </Filter>
    <Filter Include="Form Files">
      <UniqueIdentifier>{99349809-55BA-4b9d-BF79-8FDBB0286EB3}</UniqueIdentifier>
      <Extensions>ui</Extensions>
    </Filter>
    <Filter Include="Translation Files">
      <UniqueIdentifier>{639EADAA-A684-42e4-A9AD-28FC9BCB8F7C}</UniqueIdentifier>
      <Extensions>ts</Extensions>
    </Filter>
  </ItemGroup>
  <ItemGroup>
    <QtUic Include="MoviesWithGUI.ui">
      <Filter>Form Files</Filter>
    </QtUic>
    <ClCompile Include="MoviesWithGUI.cpp">
      <Filter>Source Files</Filter>
    </ClCompile>
    <QtUic Include="LikeMovieDialog.ui">
      <Filter>Form Files</Filter>
    </QtUic>
    <QtUic Include="BrowseMoviesByGenreDialog.ui">
      <Filter>Form Files</Filter>
    </QtUic>
  </ItemGroup>
  <ItemGroup>
    <ClCompile Include="main.cpp">
      <Filter>Source Files</Filter>
    </ClCompile>
    <ClCompile Include="Movie.cpp">
      <Filter>Source Files</Filter>
    </ClCompile>
    <ClCompile Include="Utils.cpp">
      <Filter>Source Files</Filter>
    </ClCompile>
    <ClCompile Include="Repository.cpp">
      <Filter>Source Files</Filter>
    </ClCompile>
    <ClCompile Include="Service.cpp">
      <Filter>Source Files</Filter>
    </ClCompile>
    <ClCompile Include="TextFileRepository.cpp">
      <Filter>Source Files</Filter>
    </ClCompile>
    <ClCompile Include="UserService.cpp">
      <Filter>Source Files</Filter>
    </ClCompile>
    <ClCompile Include="Exceptions.cpp">
      <Filter>Source Files</Filter>
    </ClCompile>
    <ClCompile Include="Watchlist.cpp">
      <Filter>Source Files</Filter>
    </ClCompile>
    <ClCompile Include="MovieValidator.cpp">
      <Filter>Source Files</Filter>
    </ClCompile>
    <ClCompile Include="FileWatchlist.cpp">
      <Filter>Source Files</Filter>
    </ClCompile>
    <ClCompile Include="HTMLWatchlist.cpp">
      <Filter>Source Files</Filter>
    </ClCompile>
    <ClCompile Include="CSVWatchlist.cpp">
      <Filter>Source Files</Filter>
    </ClCompile>
    <ClCompile Include="MenuSelectGUI.cpp">
      <Filter>Source Files</Filter>
    </ClCompile>
    <ClCompile Include="MenuOptionWidget.cpp">
      <Filter>Source Files</Filter>
    </ClCompile>
    <ClCompile Include="AdminWidget.cpp">
      <Filter>Source Files</Filter>
    </ClCompile>
    <ClCompile Include="UserWidget.cpp">
      <Filter>Source Files</Filter>
    </ClCompile>
    <ClCompile Include="LikeMovieDialog.cpp">
      <Filter>Source Files</Filter>
    </ClCompile>
    <ClCompile Include="BrowseMoviesByGenreDialog.cpp">
      <Filter>Source Files</Filter>
    </ClCompile>
    <ClCompile Include="Action.cpp">
      <Filter>Source Files</Filter>
    </ClCompile>
    <ClCompile Include="WatchlistModel.cpp">
      <Filter>Source Files</Filter>
    </ClCompile>
  </ItemGroup>
  <ItemGroup>
    <ClInclude Include="Movie.h">
      <Filter>Header Files</Filter>
    </ClInclude>
    <ClInclude Include="Utils.h">
      <Filter>Header Files</Filter>
    </ClInclude>
    <ClInclude Include="Repository.h">
      <Filter>Header Files</Filter>
    </ClInclude>
    <ClInclude Include="Service.h">
      <Filter>Header Files</Filter>
    </ClInclude>
    <ClInclude Include="UserService.h">
      <Filter>Header Files</Filter>
    </ClInclude>
    <ClInclude Include="Exceptions.h">
      <Filter>Header Files</Filter>
    </ClInclude>
    <ClInclude Include="Watchlist.h">
      <Filter>Header Files</Filter>
    </ClInclude>
    <ClInclude Include="MovieValidator.h">
      <Filter>Header Files</Filter>
    </ClInclude>
    <ClInclude Include="FileWatchlist.h">
      <Filter>Header Files</Filter>
    </ClInclude>
    <ClInclude Include="HTMLWatchlist.h">
      <Filter>Header Files</Filter>
    </ClInclude>
    <ClInclude Include="CSVWatchlist.h">
      <Filter>Header Files</Filter>
    </ClInclude>
    <ClInclude Include="MoviesWithGUI.h">
      <Filter>Header Files</Filter>
    </ClInclude>
    <ClInclude Include="MenuSelectGUI.h">
      <Filter>Header Files</Filter>
    </ClInclude>
    <ClInclude Include="MenuOptionWidget.h">
      <Filter>Header Files</Filter>
    </ClInclude>
    <ClInclude Include="AdminWidget.h">
      <Filter>Header Files</Filter>
    </ClInclude>
    <ClInclude Include="UserWidget.h">
      <Filter>Header Files</Filter>
    </ClInclude>
    <ClInclude Include="TextFileRepository.h">
      <Filter>Header Files</Filter>
    </ClInclude>
    <ClInclude Include="Action.h">
      <Filter>Header Files</Filter>
    </ClInclude>
  </ItemGroup>
  <ItemGroup>
    <Text Include="Movies.txt" />
  </ItemGroup>
  <ItemGroup>
    <QtMoc Include="LikeMovieDialog.h">
      <Filter>Header Files</Filter>
    </QtMoc>
    <QtMoc Include="BrowseMoviesByGenreDialog.h">
      <Filter>Header Files</Filter>
    </QtMoc>
    <QtMoc Include="WatchlistModel.h">
      <Filter>Header Files</Filter>
    </QtMoc>
  </ItemGroup>
</Project>